// !$*UTF8*$!
{
	archiveVersion = 1;
	classes = {
	};
	objectVersion = 46;
	objects = {

/* Begin PBXBuildFile section */
		9C563F431D294FBC0085CD2B /* AppDelegate.swift in Sources */ = {isa = PBXBuildFile; fileRef = 9C563F421D294FBC0085CD2B /* AppDelegate.swift */; };
		9C563F451D294FBC0085CD2B /* ViewController.swift in Sources */ = {isa = PBXBuildFile; fileRef = 9C563F441D294FBC0085CD2B /* ViewController.swift */; };
		9C563F481D294FBC0085CD2B /* Main.storyboard in Resources */ = {isa = PBXBuildFile; fileRef = 9C563F461D294FBC0085CD2B /* Main.storyboard */; };
		9C563F4A1D294FBC0085CD2B /* Assets.xcassets in Resources */ = {isa = PBXBuildFile; fileRef = 9C563F491D294FBC0085CD2B /* Assets.xcassets */; };
		9C563F4D1D294FBC0085CD2B /* LaunchScreen.storyboard in Resources */ = {isa = PBXBuildFile; fileRef = 9C563F4B1D294FBC0085CD2B /* LaunchScreen.storyboard */; };
		9C563F581D294FBC0085CD2B /* autolayoutTests.swift in Sources */ = {isa = PBXBuildFile; fileRef = 9C563F571D294FBC0085CD2B /* autolayoutTests.swift */; };
		9C563F631D294FBC0085CD2B /* autolayoutUITests.swift in Sources */ = {isa = PBXBuildFile; fileRef = 9C563F621D294FBC0085CD2B /* autolayoutUITests.swift */; };
/* End PBXBuildFile section */

/* Begin PBXContainerItemProxy section */
		9C563F541D294FBC0085CD2B /* PBXContainerItemProxy */ = {
			isa = PBXContainerItemProxy;
			containerPortal = 9C563F371D294FBC0085CD2B /* Project object */;
			proxyType = 1;
			remoteGlobalIDString = 9C563F3E1D294FBC0085CD2B;
			remoteInfo = autolayout;
		};
		9C563F5F1D294FBC0085CD2B /* PBXContainerItemProxy */ = {
			isa = PBXContainerItemProxy;
			containerPortal = 9C563F371D294FBC0085CD2B /* Project object */;
			proxyType = 1;
			remoteGlobalIDString = 9C563F3E1D294FBC0085CD2B;
			remoteInfo = autolayout;
		};
/* End PBXContainerItemProxy section */

/* Begin PBXFileReference section */
		9C563F3F1D294FBC0085CD2B /* autolayout.app */ = {isa = PBXFileReference; explicitFileType = wrapper.application; includeInIndex = 0; path = autolayout.app; sourceTree = BUILT_PRODUCTS_DIR; };
		9C563F421D294FBC0085CD2B /* AppDelegate.swift */ = {isa = PBXFileReference; lastKnownFileType = sourcecode.swift; path = AppDelegate.swift; sourceTree = "<group>"; };
		9C563F441D294FBC0085CD2B /* ViewController.swift */ = {isa = PBXFileReference; lastKnownFileType = sourcecode.swift; path = ViewController.swift; sourceTree = "<group>"; };
		9C563F471D294FBC0085CD2B /* Base */ = {isa = PBXFileReference; lastKnownFileType = file.storyboard; name = Base; path = Base.lproj/Main.storyboard; sourceTree = "<group>"; };
		9C563F491D294FBC0085CD2B /* Assets.xcassets */ = {isa = PBXFileReference; lastKnownFileType = folder.assetcatalog; path = Assets.xcassets; sourceTree = "<group>"; };
		9C563F4C1D294FBC0085CD2B /* Base */ = {isa = PBXFileReference; lastKnownFileType = file.storyboard; name = Base; path = Base.lproj/LaunchScreen.storyboard; sourceTree = "<group>"; };
		9C563F4E1D294FBC0085CD2B /* Info.plist */ = {isa = PBXFileReference; lastKnownFileType = text.plist.xml; path = Info.plist; sourceTree = "<group>"; };
		9C563F531D294FBC0085CD2B /* autolayoutTests.xctest */ = {isa = PBXFileReference; explicitFileType = wrapper.cfbundle; includeInIndex = 0; path = autolayoutTests.xctest; sourceTree = BUILT_PRODUCTS_DIR; };
		9C563F571D294FBC0085CD2B /* autolayoutTests.swift */ = {isa = PBXFileReference; lastKnownFileType = sourcecode.swift; path = autolayoutTests.swift; sourceTree = "<group>"; };
		9C563F591D294FBC0085CD2B /* Info.plist */ = {isa = PBXFileReference; lastKnownFileType = text.plist.xml; path = Info.plist; sourceTree = "<group>"; };
		9C563F5E1D294FBC0085CD2B /* autolayoutUITests.xctest */ = {isa = PBXFileReference; explicitFileType = wrapper.cfbundle; includeInIndex = 0; path = autolayoutUITests.xctest; sourceTree = BUILT_PRODUCTS_DIR; };
		9C563F621D294FBC0085CD2B /* autolayoutUITests.swift */ = {isa = PBXFileReference; lastKnownFileType = sourcecode.swift; path = autolayoutUITests.swift; sourceTree = "<group>"; };
		9C563F641D294FBC0085CD2B /* Info.plist */ = {isa = PBXFileReference; lastKnownFileType = text.plist.xml; path = Info.plist; sourceTree = "<group>"; };
/* End PBXFileReference section */

/* Begin PBXFrameworksBuildPhase section */
		9C563F3C1D294FBC0085CD2B /* Frameworks */ = {
			isa = PBXFrameworksBuildPhase;
			buildActionMask = 2147483647;
			files = (
			);
			runOnlyForDeploymentPostprocessing = 0;
		};
		9C563F501D294FBC0085CD2B /* Frameworks */ = {
			isa = PBXFrameworksBuildPhase;
			buildActionMask = 2147483647;
			files = (
			);
			runOnlyForDeploymentPostprocessing = 0;
		};
		9C563F5B1D294FBC0085CD2B /* Frameworks */ = {
			isa = PBXFrameworksBuildPhase;
			buildActionMask = 2147483647;
			files = (
			);
			runOnlyForDeploymentPostprocessing = 0;
		};
/* End PBXFrameworksBuildPhase section */

/* Begin PBXGroup section */
		9C563F361D294FBC0085CD2B = {
			isa = PBXGroup;
			children = (
				9C563F411D294FBC0085CD2B /* autolayout */,
				9C563F561D294FBC0085CD2B /* autolayoutTests */,
				9C563F611D294FBC0085CD2B /* autolayoutUITests */,
				9C563F401D294FBC0085CD2B /* Products */,
			);
			sourceTree = "<group>";
		};
		9C563F401D294FBC0085CD2B /* Products */ = {
			isa = PBXGroup;
			children = (
				9C563F3F1D294FBC0085CD2B /* autolayout.app */,
				9C563F531D294FBC0085CD2B /* autolayoutTests.xctest */,
				9C563F5E1D294FBC0085CD2B /* autolayoutUITests.xctest */,
			);
			name = Products;
			sourceTree = "<group>";
		};
		9C563F411D294FBC0085CD2B /* autolayout */ = {
			isa = PBXGroup;
			children = (
				9C563F421D294FBC0085CD2B /* AppDelegate.swift */,
				9C563F441D294FBC0085CD2B /* ViewController.swift */,
				9C563F461D294FBC0085CD2B /* Main.storyboard */,
				9C563F491D294FBC0085CD2B /* Assets.xcassets */,
				9C563F4B1D294FBC0085CD2B /* LaunchScreen.storyboard */,
				9C563F4E1D294FBC0085CD2B /* Info.plist */,
			);
			path = autolayout;
			sourceTree = "<group>";
		};
		9C563F561D294FBC0085CD2B /* autolayoutTests */ = {
			isa = PBXGroup;
			children = (
				9C563F571D294FBC0085CD2B /* autolayoutTests.swift */,
				9C563F591D294FBC0085CD2B /* Info.plist */,
			);
			path = autolayoutTests;
			sourceTree = "<group>";
		};
		9C563F611D294FBC0085CD2B /* autolayoutUITests */ = {
			isa = PBXGroup;
			children = (
				9C563F621D294FBC0085CD2B /* autolayoutUITests.swift */,
				9C563F641D294FBC0085CD2B /* Info.plist */,
			);
			path = autolayoutUITests;
			sourceTree = "<group>";
		};
/* End PBXGroup section */

/* Begin PBXNativeTarget section */
		9C563F3E1D294FBC0085CD2B /* autolayout */ = {
			isa = PBXNativeTarget;
			buildConfigurationList = 9C563F671D294FBC0085CD2B /* Build configuration list for PBXNativeTarget "autolayout" */;
			buildPhases = (
				9C563F3B1D294FBC0085CD2B /* Sources */,
				9C563F3C1D294FBC0085CD2B /* Frameworks */,
				9C563F3D1D294FBC0085CD2B /* Resources */,
			);
			buildRules = (
			);
			dependencies = (
			);
			name = autolayout;
			productName = autolayout;
			productReference = 9C563F3F1D294FBC0085CD2B /* autolayout.app */;
			productType = "com.apple.product-type.application";
		};
		9C563F521D294FBC0085CD2B /* autolayoutTests */ = {
			isa = PBXNativeTarget;
			buildConfigurationList = 9C563F6A1D294FBC0085CD2B /* Build configuration list for PBXNativeTarget "autolayoutTests" */;
			buildPhases = (
				9C563F4F1D294FBC0085CD2B /* Sources */,
				9C563F501D294FBC0085CD2B /* Frameworks */,
				9C563F511D294FBC0085CD2B /* Resources */,
			);
			buildRules = (
			);
			dependencies = (
				9C563F551D294FBC0085CD2B /* PBXTargetDependency */,
			);
			name = autolayoutTests;
			productName = autolayoutTests;
			productReference = 9C563F531D294FBC0085CD2B /* autolayoutTests.xctest */;
			productType = "com.apple.product-type.bundle.unit-test";
		};
		9C563F5D1D294FBC0085CD2B /* autolayoutUITests */ = {
			isa = PBXNativeTarget;
			buildConfigurationList = 9C563F6D1D294FBC0085CD2B /* Build configuration list for PBXNativeTarget "autolayoutUITests" */;
			buildPhases = (
				9C563F5A1D294FBC0085CD2B /* Sources */,
				9C563F5B1D294FBC0085CD2B /* Frameworks */,
				9C563F5C1D294FBC0085CD2B /* Resources */,
			);
			buildRules = (
			);
			dependencies = (
				9C563F601D294FBC0085CD2B /* PBXTargetDependency */,
			);
			name = autolayoutUITests;
			productName = autolayoutUITests;
			productReference = 9C563F5E1D294FBC0085CD2B /* autolayoutUITests.xctest */;
			productType = "com.apple.product-type.bundle.ui-testing";
		};
/* End PBXNativeTarget section */

/* Begin PBXProject section */
		9C563F371D294FBC0085CD2B /* Project object */ = {
			isa = PBXProject;
			attributes = {
				LastSwiftUpdateCheck = 0730;
				LastUpgradeCheck = 0730;
				ORGANIZATIONNAME = "Onder Kalaci";
				TargetAttributes = {
					9C563F3E1D294FBC0085CD2B = {
						CreatedOnToolsVersion = 7.3.1;
					};
					9C563F521D294FBC0085CD2B = {
						CreatedOnToolsVersion = 7.3.1;
						TestTargetID = 9C563F3E1D294FBC0085CD2B;
					};
					9C563F5D1D294FBC0085CD2B = {
						CreatedOnToolsVersion = 7.3.1;
						TestTargetID = 9C563F3E1D294FBC0085CD2B;
					};
				};
			};
			buildConfigurationList = 9C563F3A1D294FBC0085CD2B /* Build configuration list for PBXProject "autolayout" */;
			compatibilityVersion = "Xcode 3.2";
			developmentRegion = English;
			hasScannedForEncodings = 0;
			knownRegions = (
				en,
				Base,
			);
			mainGroup = 9C563F361D294FBC0085CD2B;
			productRefGroup = 9C563F401D294FBC0085CD2B /* Products */;
			projectDirPath = "";
			projectRoot = "";
			targets = (
				9C563F3E1D294FBC0085CD2B /* autolayout */,
				9C563F521D294FBC0085CD2B /* autolayoutTests */,
				9C563F5D1D294FBC0085CD2B /* autolayoutUITests */,
			);
		};
/* End PBXProject section */

/* Begin PBXResourcesBuildPhase section */
		9C563F3D1D294FBC0085CD2B /* Resources */ = {
			isa = PBXResourcesBuildPhase;
			buildActionMask = 2147483647;
			files = (
				9C563F4D1D294FBC0085CD2B /* LaunchScreen.storyboard in Resources */,
				9C563F4A1D294FBC0085CD2B /* Assets.xcassets in Resources */,
				9C563F481D294FBC0085CD2B /* Main.storyboard in Resources */,
			);
			runOnlyForDeploymentPostprocessing = 0;
		};
		9C563F511D294FBC0085CD2B /* Resources */ = {
			isa = PBXResourcesBuildPhase;
			buildActionMask = 2147483647;
			files = (
			);
			runOnlyForDeploymentPostprocessing = 0;
		};
		9C563F5C1D294FBC0085CD2B /* Resources */ = {
			isa = PBXResourcesBuildPhase;
			buildActionMask = 2147483647;
			files = (
			);
			runOnlyForDeploymentPostprocessing = 0;
		};
/* End PBXResourcesBuildPhase section */

/* Begin PBXSourcesBuildPhase section */
		9C563F3B1D294FBC0085CD2B /* Sources */ = {
			isa = PBXSourcesBuildPhase;
			buildActionMask = 2147483647;
			files = (
				9C563F451D294FBC0085CD2B /* ViewController.swift in Sources */,
				9C563F431D294FBC0085CD2B /* AppDelegate.swift in Sources */,
			);
			runOnlyForDeploymentPostprocessing = 0;
		};
		9C563F4F1D294FBC0085CD2B /* Sources */ = {
			isa = PBXSourcesBuildPhase;
			buildActionMask = 2147483647;
			files = (
				9C563F581D294FBC0085CD2B /* autolayoutTests.swift in Sources */,
			);
			runOnlyForDeploymentPostprocessing = 0;
		};
		9C563F5A1D294FBC0085CD2B /* Sources */ = {
			isa = PBXSourcesBuildPhase;
			buildActionMask = 2147483647;
			files = (
				9C563F631D294FBC0085CD2B /* autolayoutUITests.swift in Sources */,
			);
			runOnlyForDeploymentPostprocessing = 0;
		};
/* End PBXSourcesBuildPhase section */

/* Begin PBXTargetDependency section */
		9C563F551D294FBC0085CD2B /* PBXTargetDependency */ = {
			isa = PBXTargetDependency;
			target = 9C563F3E1D294FBC0085CD2B /* autolayout */;
			targetProxy = 9C563F541D294FBC0085CD2B /* PBXContainerItemProxy */;
		};
		9C563F601D294FBC0085CD2B /* PBXTargetDependency */ = {
			isa = PBXTargetDependency;
			target = 9C563F3E1D294FBC0085CD2B /* autolayout */;
			targetProxy = 9C563F5F1D294FBC0085CD2B /* PBXContainerItemProxy */;
		};
/* End PBXTargetDependency section */

/* Begin PBXVariantGroup section */
		9C563F461D294FBC0085CD2B /* Main.storyboard */ = {
			isa = PBXVariantGroup;
			children = (
				9C563F471D294FBC0085CD2B /* Base */,
			);
			name = Main.storyboard;
			sourceTree = "<group>";
		};
		9C563F4B1D294FBC0085CD2B /* LaunchScreen.storyboard */ = {
			isa = PBXVariantGroup;
			children = (
				9C563F4C1D294FBC0085CD2B /* Base */,
			);
			name = LaunchScreen.storyboard;
			sourceTree = "<group>";
		};
/* End PBXVariantGroup section */

/* Begin XCBuildConfiguration section */
		9C563F651D294FBC0085CD2B /* Debug */ = {
			isa = XCBuildConfiguration;
			buildSettings = {
				ALWAYS_SEARCH_USER_PATHS = NO;
				CLANG_ANALYZER_NONNULL = YES;
				CLANG_CXX_LANGUAGE_STANDARD = "gnu++0x";
				CLANG_CXX_LIBRARY = "libc++";
				CLANG_ENABLE_MODULES = YES;
				CLANG_ENABLE_OBJC_ARC = YES;
				CLANG_WARN_BOOL_CONVERSION = YES;
				CLANG_WARN_CONSTANT_CONVERSION = YES;
				CLANG_WARN_DIRECT_OBJC_ISA_USAGE = YES_ERROR;
				CLANG_WARN_EMPTY_BODY = YES;
				CLANG_WARN_ENUM_CONVERSION = YES;
				CLANG_WARN_INT_CONVERSION = YES;
				CLANG_WARN_OBJC_ROOT_CLASS = YES_ERROR;
				CLANG_WARN_UNREACHABLE_CODE = YES;
				CLANG_WARN__DUPLICATE_METHOD_MATCH = YES;
				"CODE_SIGN_IDENTITY[sdk=iphoneos*]" = "iPhone Developer";
				COPY_PHASE_STRIP = NO;
				DEBUG_INFORMATION_FORMAT = dwarf;
				ENABLE_STRICT_OBJC_MSGSEND = YES;
				ENABLE_TESTABILITY = YES;
				GCC_C_LANGUAGE_STANDARD = gnu99;
				GCC_DYNAMIC_NO_PIC = NO;
				GCC_NO_COMMON_BLOCKS = YES;
				GCC_OPTIMIZATION_LEVEL = 0;
				GCC_PREPROCESSOR_DEFINITIONS = (
					"DEBUG=1",
					"$(inherited)",
				);
				GCC_WARN_64_TO_32_BIT_CONVERSION = YES;
				GCC_WARN_ABOUT_RETURN_TYPE = YES_ERROR;
				GCC_WARN_UNDECLARED_SELECTOR = YES;
				GCC_WARN_UNINITIALIZED_AUTOS = YES_AGGRESSIVE;
				GCC_WARN_UNUSED_FUNCTION = YES;
				GCC_WARN_UNUSED_VARIABLE = YES;
				IPHONEOS_DEPLOYMENT_TARGET = 9.3;
				MTL_ENABLE_DEBUG_INFO = YES;
				ONLY_ACTIVE_ARCH = YES;
				SDKROOT = iphoneos;
				SWIFT_OPTIMIZATION_LEVEL = "-Onone";
				TARGETED_DEVICE_FAMILY = "1,2";
			};
			name = Debug;
		};
		9C563F661D294FBC0085CD2B /* Release */ = {
			isa = XCBuildConfiguration;
			buildSettings = {
				ALWAYS_SEARCH_USER_PATHS = NO;
				CLANG_ANALYZER_NONNULL = YES;
				CLANG_CXX_LANGUAGE_STANDARD = "gnu++0x";
				CLANG_CXX_LIBRARY = "libc++";
				CLANG_ENABLE_MODULES = YES;
				CLANG_ENABLE_OBJC_ARC = YES;
				CLANG_WARN_BOOL_CONVERSION = YES;
				CLANG_WARN_CONSTANT_CONVERSION = YES;
				CLANG_WARN_DIRECT_OBJC_ISA_USAGE = YES_ERROR;
				CLANG_WARN_EMPTY_BODY = YES;
				CLANG_WARN_ENUM_CONVERSION = YES;
				CLANG_WARN_INT_CONVERSION = YES;
				CLANG_WARN_OBJC_ROOT_CLASS = YES_ERROR;
				CLANG_WARN_UNREACHABLE_CODE = YES;
				CLANG_WARN__DUPLICATE_METHOD_MATCH = YES;
				"CODE_SIGN_IDENTITY[sdk=iphoneos*]" = "iPhone Developer";
				COPY_PHASE_STRIP = NO;
				DEBUG_INFORMATION_FORMAT = "dwarf-with-dsym";
				ENABLE_NS_ASSERTIONS = NO;
				ENABLE_STRICT_OBJC_MSGSEND = YES;
				GCC_C_LANGUAGE_STANDARD = gnu99;
				GCC_NO_COMMON_BLOCKS = YES;
				GCC_WARN_64_TO_32_BIT_CONVERSION = YES;
				GCC_WARN_ABOUT_RETURN_TYPE = YES_ERROR;
				GCC_WARN_UNDECLARED_SELECTOR = YES;
				GCC_WARN_UNINITIALIZED_AUTOS = YES_AGGRESSIVE;
				GCC_WARN_UNUSED_FUNCTION = YES;
				GCC_WARN_UNUSED_VARIABLE = YES;
				IPHONEOS_DEPLOYMENT_TARGET = 9.3;
				MTL_ENABLE_DEBUG_INFO = NO;
				SDKROOT = iphoneos;
				TARGETED_DEVICE_FAMILY = "1,2";
				VALIDATE_PRODUCT = YES;
			};
			name = Release;
		};
		9C563F681D294FBC0085CD2B /* Debug */ = {
			isa = XCBuildConfiguration;
			buildSettings = {
				ASSETCATALOG_COMPILER_APPICON_NAME = AppIcon;
				INFOPLIST_FILE = autolayout/Info.plist;
				LD_RUNPATH_SEARCH_PATHS = "$(inherited) @executable_path/Frameworks";
				PRODUCT_BUNDLE_IDENTIFIER = org.onderkalaci.autolayout;
				PRODUCT_NAME = "$(TARGET_NAME)";
			};
			name = Debug;
		};
		9C563F691D294FBC0085CD2B /* Release */ = {
			isa = XCBuildConfiguration;
			buildSettings = {
				ASSETCATALOG_COMPILER_APPICON_NAME = AppIcon;
				INFOPLIST_FILE = autolayout/Info.plist;
				LD_RUNPATH_SEARCH_PATHS = "$(inherited) @executable_path/Frameworks";
				PRODUCT_BUNDLE_IDENTIFIER = org.onderkalaci.autolayout;
				PRODUCT_NAME = "$(TARGET_NAME)";
			};
			name = Release;
		};
		9C563F6B1D294FBC0085CD2B /* Debug */ = {
			isa = XCBuildConfiguration;
			buildSettings = {
				BUNDLE_LOADER = "$(TEST_HOST)";
				INFOPLIST_FILE = autolayoutTests/Info.plist;
				LD_RUNPATH_SEARCH_PATHS = "$(inherited) @executable_path/Frameworks @loader_path/Frameworks";
				PRODUCT_BUNDLE_IDENTIFIER = org.onderkalaci.autolayoutTests;
				PRODUCT_NAME = "$(TARGET_NAME)";
				TEST_HOST = "$(BUILT_PRODUCTS_DIR)/autolayout.app/autolayout";
			};
			name = Debug;
		};
		9C563F6C1D294FBC0085CD2B /* Release */ = {
			isa = XCBuildConfiguration;
			buildSettings = {
				BUNDLE_LOADER = "$(TEST_HOST)";
				INFOPLIST_FILE = autolayoutTests/Info.plist;
				LD_RUNPATH_SEARCH_PATHS = "$(inherited) @executable_path/Frameworks @loader_path/Frameworks";
				PRODUCT_BUNDLE_IDENTIFIER = org.onderkalaci.autolayoutTests;
				PRODUCT_NAME = "$(TARGET_NAME)";
				TEST_HOST = "$(BUILT_PRODUCTS_DIR)/autolayout.app/autolayout";
			};
			name = Release;
		};
		9C563F6E1D294FBC0085CD2B /* Debug */ = {
			isa = XCBuildConfiguration;
			buildSettings = {
				INFOPLIST_FILE = autolayoutUITests/Info.plist;
				LD_RUNPATH_SEARCH_PATHS = "$(inherited) @executable_path/Frameworks @loader_path/Frameworks";
				PRODUCT_BUNDLE_IDENTIFIER = org.onderkalaci.autolayoutUITests;
				PRODUCT_NAME = "$(TARGET_NAME)";
				TEST_TARGET_NAME = autolayout;
			};
			name = Debug;
		};
		9C563F6F1D294FBC0085CD2B /* Release */ = {
			isa = XCBuildConfiguration;
			buildSettings = {
				INFOPLIST_FILE = autolayoutUITests/Info.plist;
				LD_RUNPATH_SEARCH_PATHS = "$(inherited) @executable_path/Frameworks @loader_path/Frameworks";
				PRODUCT_BUNDLE_IDENTIFIER = org.onderkalaci.autolayoutUITests;
				PRODUCT_NAME = "$(TARGET_NAME)";
				TEST_TARGET_NAME = autolayout;
			};
			name = Release;
		};
/* End XCBuildConfiguration section */

/* Begin XCConfigurationList section */
		9C563F3A1D294FBC0085CD2B /* Build configuration list for PBXProject "autolayout" */ = {
			isa = XCConfigurationList;
			buildConfigurations = (
				9C563F651D294FBC0085CD2B /* Debug */,
				9C563F661D294FBC0085CD2B /* Release */,
			);
			defaultConfigurationIsVisible = 0;
			defaultConfigurationName = Release;
		};
		9C563F671D294FBC0085CD2B /* Build configuration list for PBXNativeTarget "autolayout" */ = {
			isa = XCConfigurationList;
			buildConfigurations = (
				9C563F681D294FBC0085CD2B /* Debug */,
				9C563F691D294FBC0085CD2B /* Release */,
			);
			defaultConfigurationIsVisible = 0;
		};
		9C563F6A1D294FBC0085CD2B /* Build configuration list for PBXNativeTarget "autolayoutTests" */ = {
			isa = XCConfigurationList;
			buildConfigurations = (
				9C563F6B1D294FBC0085CD2B /* Debug */,
				9C563F6C1D294FBC0085CD2B /* Release */,
			);
			defaultConfigurationIsVisible = 0;
		};
		9C563F6D1D294FBC0085CD2B /* Build configuration list for PBXNativeTarget "autolayoutUITests" */ = {
			isa = XCConfigurationList;
			buildConfigurations = (
				9C563F6E1D294FBC0085CD2B /* Debug */,
				9C563F6F1D294FBC0085CD2B /* Release */,
			);
			defaultConfigurationIsVisible = 0;
		};
/* End XCConfigurationList section */
	};
	rootObject = 9C563F371D294FBC0085CD2B /* Project object */;
}
